// !$*UTF8*$!
{
	archiveVersion = 1;
	classes = {
	};
	objectVersion = 55;
	objects = {

/* Begin PBXBuildFile section */
		023EEAC528BCCF4F00446893 /* Localizable.strings in Resources */ = {isa = PBXBuildFile; fileRef = 023EEAC428BCCF4F00446893 /* Localizable.strings */; };
		023EEAC928BCD0CE00446893 /* R.generated.swift in Sources */ = {isa = PBXBuildFile; fileRef = 023EEAC828BCD0CE00446893 /* R.generated.swift */; };
		023EEACB28BCD24400446893 /* roboto-medium.ttf in Resources */ = {isa = PBXBuildFile; fileRef = 023EEACA28BCD24400446893 /* roboto-medium.ttf */; };
		023EEACD28BCD25E00446893 /* roboto-regular.ttf in Resources */ = {isa = PBXBuildFile; fileRef = 023EEACC28BCD25E00446893 /* roboto-regular.ttf */; };
		023EEAD028BCE86700446893 /* OnboardingCollectionView.swift in Sources */ = {isa = PBXBuildFile; fileRef = 023EEACF28BCE86700446893 /* OnboardingCollectionView.swift */; };
		023EEAD228BCE89900446893 /* OnboardingCollectionViewCell.swift in Sources */ = {isa = PBXBuildFile; fileRef = 023EEAD128BCE89900446893 /* OnboardingCollectionViewCell.swift */; };
		023EEAD528BCF9D700446893 /* OnboardingViewModel.swift in Sources */ = {isa = PBXBuildFile; fileRef = 023EEAD428BCF9D700446893 /* OnboardingViewModel.swift */; };
		028097BE28C0ED5900C2ECD9 /* HeaderView.swift in Sources */ = {isa = PBXBuildFile; fileRef = 028097BD28C0ED5900C2ECD9 /* HeaderView.swift */; };
		028097C128C1DE1A00C2ECD9 /* GoogleSignInSwift in Frameworks */ = {isa = PBXBuildFile; productRef = 028097C028C1DE1A00C2ECD9 /* GoogleSignInSwift */; };
		028097C328C2021C00C2ECD9 /* SearcheTextFieldBase.swift in Sources */ = {isa = PBXBuildFile; fileRef = 028097C228C2021C00C2ECD9 /* SearcheTextFieldBase.swift */; };
		028097C628C211DD00C2ECD9 /* HomeViewModel.swift in Sources */ = {isa = PBXBuildFile; fileRef = 028097C528C211DD00C2ECD9 /* HomeViewModel.swift */; };
		0286246828BCBE00006C12C5 /* AppDelegate.swift in Sources */ = {isa = PBXBuildFile; fileRef = 0286246728BCBE00006C12C5 /* AppDelegate.swift */; };
		0286246C28BCBE00006C12C5 /* OnboardingViewController.swift in Sources */ = {isa = PBXBuildFile; fileRef = 0286246B28BCBE00006C12C5 /* OnboardingViewController.swift */; };
		0286247128BCBE04006C12C5 /* Assets.xcassets in Resources */ = {isa = PBXBuildFile; fileRef = 0286247028BCBE04006C12C5 /* Assets.xcassets */; };
		0286247428BCBE04006C12C5 /* LaunchScreen.storyboard in Resources */ = {isa = PBXBuildFile; fileRef = 0286247228BCBE04006C12C5 /* LaunchScreen.storyboard */; };
		02952B2228BDDE7D00B2F43F /* OnboardingModel.swift in Sources */ = {isa = PBXBuildFile; fileRef = 02952B2128BDDE7D00B2F43F /* OnboardingModel.swift */; };
		02952B2428BDE6D800B2F43F /* OnboardingView.swift in Sources */ = {isa = PBXBuildFile; fileRef = 02952B2328BDE6D800B2F43F /* OnboardingView.swift */; };
		02952B2B28BE22DA00B2F43F /* LoginViewController.swift in Sources */ = {isa = PBXBuildFile; fileRef = 02952B2A28BE22DA00B2F43F /* LoginViewController.swift */; };
		02952B2D28BE22F000B2F43F /* LoginView.swift in Sources */ = {isa = PBXBuildFile; fileRef = 02952B2C28BE22F000B2F43F /* LoginView.swift */; };
		02952B3028BE2A8C00B2F43F /* SplashScreenViewController.swift in Sources */ = {isa = PBXBuildFile; fileRef = 02952B2F28BE2A8C00B2F43F /* SplashScreenViewController.swift */; };
		02952B3328BE2BA800B2F43F /* AppFlowNavigationController.swift in Sources */ = {isa = PBXBuildFile; fileRef = 02952B3228BE2BA800B2F43F /* AppFlowNavigationController.swift */; };
		02C4FEFE28BF3946005869F1 /* UIViewController+Extensions.swift in Sources */ = {isa = PBXBuildFile; fileRef = 02C4FEFD28BF3946005869F1 /* UIViewController+Extensions.swift */; };
		02C4FF0328BF6281005869F1 /* ChekPasswordViewController.swift in Sources */ = {isa = PBXBuildFile; fileRef = 02C4FF0228BF6281005869F1 /* ChekPasswordViewController.swift */; };
		02C4FF0528BF629C005869F1 /* ChekPasswordView.swift in Sources */ = {isa = PBXBuildFile; fileRef = 02C4FF0428BF629C005869F1 /* ChekPasswordView.swift */; };
		02C4FF0A28BF7F3C005869F1 /* CreateNewPasswordViewController.swift in Sources */ = {isa = PBXBuildFile; fileRef = 02C4FF0928BF7F3C005869F1 /* CreateNewPasswordViewController.swift */; };
		02C4FF0C28BF7F54005869F1 /* CreateNewPasswordView.swift in Sources */ = {isa = PBXBuildFile; fileRef = 02C4FF0B28BF7F54005869F1 /* CreateNewPasswordView.swift */; };
		A2B3E143E9556E544620167E /* Pods_Houstay.framework in Frameworks */ = {isa = PBXBuildFile; fileRef = FB75DE0874EAEC3C2A7D2F45 /* Pods_Houstay.framework */; };
		F42C173728BFC27B0056CF59 /* FirebaseAnalytics in Frameworks */ = {isa = PBXBuildFile; productRef = F42C173628BFC27B0056CF59 /* FirebaseAnalytics */; };
		F42C173928BFC27B0056CF59 /* FirebaseAnalyticsSwift in Frameworks */ = {isa = PBXBuildFile; productRef = F42C173828BFC27B0056CF59 /* FirebaseAnalyticsSwift */; };
		F42C173B28BFC27B0056CF59 /* FirebaseAuth in Frameworks */ = {isa = PBXBuildFile; productRef = F42C173A28BFC27B0056CF59 /* FirebaseAuth */; };
		F42C173D28BFC27B0056CF59 /* FirebaseDatabase in Frameworks */ = {isa = PBXBuildFile; productRef = F42C173C28BFC27B0056CF59 /* FirebaseDatabase */; };
		F42C173F28BFC27B0056CF59 /* FirebaseDatabaseSwift in Frameworks */ = {isa = PBXBuildFile; productRef = F42C173E28BFC27B0056CF59 /* FirebaseDatabaseSwift */; };
		F42C174128BFC27B0056CF59 /* FirebaseInAppMessagingSwift-Beta in Frameworks */ = {isa = PBXBuildFile; productRef = F42C174028BFC27B0056CF59 /* FirebaseInAppMessagingSwift-Beta */; };
		F42C174328BFC27B0056CF59 /* FirebaseInstallations in Frameworks */ = {isa = PBXBuildFile; productRef = F42C174228BFC27B0056CF59 /* FirebaseInstallations */; };
		F42C174628BFC3F40056CF59 /* FirebaseFirestore in Frameworks */ = {isa = PBXBuildFile; productRef = F42C174528BFC3F40056CF59 /* FirebaseFirestore */; };
		F42C174828BFC3F40056CF59 /* FirebaseFirestoreSwift in Frameworks */ = {isa = PBXBuildFile; productRef = F42C174728BFC3F40056CF59 /* FirebaseFirestoreSwift */; };
		F42C174D28BFC8A70056CF59 /* HomeViewController.swift in Sources */ = {isa = PBXBuildFile; fileRef = F42C174C28BFC8A70056CF59 /* HomeViewController.swift */; };
		F42C174F28BFC8BB0056CF59 /* HomeView.swift in Sources */ = {isa = PBXBuildFile; fileRef = F42C174E28BFC8BA0056CF59 /* HomeView.swift */; };
		F4329DEE28BFBE3900D38EAE /* GoogleService-Info.plist in Resources */ = {isa = PBXBuildFile; fileRef = F4329DED28BFBE3900D38EAE /* GoogleService-Info.plist */; };
		F4480ACB28BE7011001AA98B /* CustomTextField.swift in Sources */ = {isa = PBXBuildFile; fileRef = F4480ACA28BE7011001AA98B /* CustomTextField.swift */; };
		F4480ACD28BE8E99001AA98B /* BasicView.swift in Sources */ = {isa = PBXBuildFile; fileRef = F4480ACC28BE8E99001AA98B /* BasicView.swift */; };
		F4480AD228BE95A1001AA98B /* ForgetPasswordViewController.swift in Sources */ = {isa = PBXBuildFile; fileRef = F4480AD128BE95A1001AA98B /* ForgetPasswordViewController.swift */; };
		F4480AD428BE95C6001AA98B /* ForgetPasswordView.swift in Sources */ = {isa = PBXBuildFile; fileRef = F4480AD328BE95C6001AA98B /* ForgetPasswordView.swift */; };
		F4480ADA28BE9ED6001AA98B /* RegistrationViewController.swift in Sources */ = {isa = PBXBuildFile; fileRef = F4480AD928BE9ED6001AA98B /* RegistrationViewController.swift */; };
		F4480ADC28BE9EEC001AA98B /* RegistrationView.swift in Sources */ = {isa = PBXBuildFile; fileRef = F4480ADB28BE9EEC001AA98B /* RegistrationView.swift */; };
/* End PBXBuildFile section */

/* Begin PBXFileReference section */
		023EEAC428BCCF4F00446893 /* Localizable.strings */ = {isa = PBXFileReference; lastKnownFileType = text.plist.strings; path = Localizable.strings; sourceTree = "<group>"; };
		023EEAC828BCD0CE00446893 /* R.generated.swift */ = {isa = PBXFileReference; fileEncoding = 4; lastKnownFileType = sourcecode.swift; path = R.generated.swift; sourceTree = "<group>"; };
		023EEACA28BCD24400446893 /* roboto-medium.ttf */ = {isa = PBXFileReference; lastKnownFileType = file; path = "roboto-medium.ttf"; sourceTree = "<group>"; };
		023EEACC28BCD25E00446893 /* roboto-regular.ttf */ = {isa = PBXFileReference; lastKnownFileType = file; path = "roboto-regular.ttf"; sourceTree = "<group>"; };
		023EEACF28BCE86700446893 /* OnboardingCollectionView.swift */ = {isa = PBXFileReference; lastKnownFileType = sourcecode.swift; path = OnboardingCollectionView.swift; sourceTree = "<group>"; };
		023EEAD128BCE89900446893 /* OnboardingCollectionViewCell.swift */ = {isa = PBXFileReference; lastKnownFileType = sourcecode.swift; path = OnboardingCollectionViewCell.swift; sourceTree = "<group>"; };
		023EEAD428BCF9D700446893 /* OnboardingViewModel.swift */ = {isa = PBXFileReference; lastKnownFileType = sourcecode.swift; path = OnboardingViewModel.swift; sourceTree = "<group>"; };
		028097BD28C0ED5900C2ECD9 /* HeaderView.swift */ = {isa = PBXFileReference; lastKnownFileType = sourcecode.swift; path = HeaderView.swift; sourceTree = "<group>"; };
		028097C228C2021C00C2ECD9 /* SearcheTextFieldBase.swift */ = {isa = PBXFileReference; lastKnownFileType = sourcecode.swift; path = SearcheTextFieldBase.swift; sourceTree = "<group>"; };
		028097C528C211DD00C2ECD9 /* HomeViewModel.swift */ = {isa = PBXFileReference; lastKnownFileType = sourcecode.swift; path = HomeViewModel.swift; sourceTree = "<group>"; };
		0286246428BCBE00006C12C5 /* Houstay.app */ = {isa = PBXFileReference; explicitFileType = wrapper.application; includeInIndex = 0; path = Houstay.app; sourceTree = BUILT_PRODUCTS_DIR; };
		0286246728BCBE00006C12C5 /* AppDelegate.swift */ = {isa = PBXFileReference; lastKnownFileType = sourcecode.swift; path = AppDelegate.swift; sourceTree = "<group>"; };
		0286246B28BCBE00006C12C5 /* OnboardingViewController.swift */ = {isa = PBXFileReference; lastKnownFileType = sourcecode.swift; path = OnboardingViewController.swift; sourceTree = "<group>"; };
		0286247028BCBE04006C12C5 /* Assets.xcassets */ = {isa = PBXFileReference; lastKnownFileType = folder.assetcatalog; path = Assets.xcassets; sourceTree = "<group>"; };
		0286247328BCBE04006C12C5 /* Base */ = {isa = PBXFileReference; lastKnownFileType = file.storyboard; name = Base; path = Base.lproj/LaunchScreen.storyboard; sourceTree = "<group>"; };
		0286247528BCBE04006C12C5 /* Info.plist */ = {isa = PBXFileReference; lastKnownFileType = text.plist.xml; path = Info.plist; sourceTree = "<group>"; };
		02952B2128BDDE7D00B2F43F /* OnboardingModel.swift */ = {isa = PBXFileReference; lastKnownFileType = sourcecode.swift; path = OnboardingModel.swift; sourceTree = "<group>"; };
		02952B2328BDE6D800B2F43F /* OnboardingView.swift */ = {isa = PBXFileReference; lastKnownFileType = sourcecode.swift; path = OnboardingView.swift; sourceTree = "<group>"; };
		02952B2A28BE22DA00B2F43F /* LoginViewController.swift */ = {isa = PBXFileReference; lastKnownFileType = sourcecode.swift; path = LoginViewController.swift; sourceTree = "<group>"; };
		02952B2C28BE22F000B2F43F /* LoginView.swift */ = {isa = PBXFileReference; lastKnownFileType = sourcecode.swift; path = LoginView.swift; sourceTree = "<group>"; };
		02952B2F28BE2A8C00B2F43F /* SplashScreenViewController.swift */ = {isa = PBXFileReference; lastKnownFileType = sourcecode.swift; path = SplashScreenViewController.swift; sourceTree = "<group>"; };
		02952B3228BE2BA800B2F43F /* AppFlowNavigationController.swift */ = {isa = PBXFileReference; lastKnownFileType = sourcecode.swift; path = AppFlowNavigationController.swift; sourceTree = "<group>"; };
		02C4FEFD28BF3946005869F1 /* UIViewController+Extensions.swift */ = {isa = PBXFileReference; lastKnownFileType = sourcecode.swift; path = "UIViewController+Extensions.swift"; sourceTree = "<group>"; };
		02C4FF0228BF6281005869F1 /* ChekPasswordViewController.swift */ = {isa = PBXFileReference; lastKnownFileType = sourcecode.swift; path = ChekPasswordViewController.swift; sourceTree = "<group>"; };
		02C4FF0428BF629C005869F1 /* ChekPasswordView.swift */ = {isa = PBXFileReference; lastKnownFileType = sourcecode.swift; path = ChekPasswordView.swift; sourceTree = "<group>"; };
		02C4FF0928BF7F3C005869F1 /* CreateNewPasswordViewController.swift */ = {isa = PBXFileReference; lastKnownFileType = sourcecode.swift; path = CreateNewPasswordViewController.swift; sourceTree = "<group>"; };
		02C4FF0B28BF7F54005869F1 /* CreateNewPasswordView.swift */ = {isa = PBXFileReference; lastKnownFileType = sourcecode.swift; path = CreateNewPasswordView.swift; sourceTree = "<group>"; };
		80C35C1268B3C39A509A9F6B /* Pods-Houstay.debug.xcconfig */ = {isa = PBXFileReference; includeInIndex = 1; lastKnownFileType = text.xcconfig; name = "Pods-Houstay.debug.xcconfig"; path = "Target Support Files/Pods-Houstay/Pods-Houstay.debug.xcconfig"; sourceTree = "<group>"; };
		B865715D735DC631BA84A24E /* Pods-Houstay.release.xcconfig */ = {isa = PBXFileReference; includeInIndex = 1; lastKnownFileType = text.xcconfig; name = "Pods-Houstay.release.xcconfig"; path = "Target Support Files/Pods-Houstay/Pods-Houstay.release.xcconfig"; sourceTree = "<group>"; };
		F42C174C28BFC8A70056CF59 /* HomeViewController.swift */ = {isa = PBXFileReference; lastKnownFileType = sourcecode.swift; path = HomeViewController.swift; sourceTree = "<group>"; };
		F42C174E28BFC8BA0056CF59 /* HomeView.swift */ = {isa = PBXFileReference; lastKnownFileType = sourcecode.swift; path = HomeView.swift; sourceTree = "<group>"; };
		F4329DED28BFBE3900D38EAE /* GoogleService-Info.plist */ = {isa = PBXFileReference; fileEncoding = 4; lastKnownFileType = text.plist.xml; path = "GoogleService-Info.plist"; sourceTree = "<group>"; };
		F4480ACA28BE7011001AA98B /* CustomTextField.swift */ = {isa = PBXFileReference; lastKnownFileType = sourcecode.swift; path = CustomTextField.swift; sourceTree = "<group>"; };
		F4480ACC28BE8E99001AA98B /* BasicView.swift */ = {isa = PBXFileReference; lastKnownFileType = sourcecode.swift; path = BasicView.swift; sourceTree = "<group>"; };
		F4480AD128BE95A1001AA98B /* ForgetPasswordViewController.swift */ = {isa = PBXFileReference; lastKnownFileType = sourcecode.swift; path = ForgetPasswordViewController.swift; sourceTree = "<group>"; };
		F4480AD328BE95C6001AA98B /* ForgetPasswordView.swift */ = {isa = PBXFileReference; lastKnownFileType = sourcecode.swift; path = ForgetPasswordView.swift; sourceTree = "<group>"; };
		F4480AD928BE9ED6001AA98B /* RegistrationViewController.swift */ = {isa = PBXFileReference; lastKnownFileType = sourcecode.swift; path = RegistrationViewController.swift; sourceTree = "<group>"; };
		F4480ADB28BE9EEC001AA98B /* RegistrationView.swift */ = {isa = PBXFileReference; lastKnownFileType = sourcecode.swift; path = RegistrationView.swift; sourceTree = "<group>"; };
		FB75DE0874EAEC3C2A7D2F45 /* Pods_Houstay.framework */ = {isa = PBXFileReference; explicitFileType = wrapper.framework; includeInIndex = 0; path = Pods_Houstay.framework; sourceTree = BUILT_PRODUCTS_DIR; };
/* End PBXFileReference section */

/* Begin PBXFrameworksBuildPhase section */
		0286246128BCBE00006C12C5 /* Frameworks */ = {
			isa = PBXFrameworksBuildPhase;
			buildActionMask = 2147483647;
			files = (
				F42C173F28BFC27B0056CF59 /* FirebaseDatabaseSwift in Frameworks */,
				F42C173D28BFC27B0056CF59 /* FirebaseDatabase in Frameworks */,
				F42C174128BFC27B0056CF59 /* FirebaseInAppMessagingSwift-Beta in Frameworks */,
				F42C174328BFC27B0056CF59 /* FirebaseInstallations in Frameworks */,
				F42C173928BFC27B0056CF59 /* FirebaseAnalyticsSwift in Frameworks */,
				F42C174828BFC3F40056CF59 /* FirebaseFirestoreSwift in Frameworks */,
				F42C174628BFC3F40056CF59 /* FirebaseFirestore in Frameworks */,
				F42C173728BFC27B0056CF59 /* FirebaseAnalytics in Frameworks */,
				A2B3E143E9556E544620167E /* Pods_Houstay.framework in Frameworks */,
				F42C173B28BFC27B0056CF59 /* FirebaseAuth in Frameworks */,
				028097C128C1DE1A00C2ECD9 /* GoogleSignInSwift in Frameworks */,
			);
			runOnlyForDeploymentPostprocessing = 0;
		};
/* End PBXFrameworksBuildPhase section */

/* Begin PBXGroup section */
		023EEAC628BCCFE800446893 /* Localization */ = {
			isa = PBXGroup;
			children = (
				023EEAC428BCCF4F00446893 /* Localizable.strings */,
			);
			path = Localization;
			sourceTree = "<group>";
		};
		023EEAC728BCCFF300446893 /* Fonts */ = {
			isa = PBXGroup;
			children = (
				023EEACC28BCD25E00446893 /* roboto-regular.ttf */,
				023EEACA28BCD24400446893 /* roboto-medium.ttf */,
			);
			path = Fonts;
			sourceTree = "<group>";
		};
		023EEACE28BCE71400446893 /* CollectionView */ = {
			isa = PBXGroup;
			children = (
				023EEACF28BCE86700446893 /* OnboardingCollectionView.swift */,
				023EEAD128BCE89900446893 /* OnboardingCollectionViewCell.swift */,
			);
			path = CollectionView;
			sourceTree = "<group>";
		};
		023EEAD328BCF9B200446893 /* ViewModel */ = {
			isa = PBXGroup;
			children = (
				023EEAD428BCF9D700446893 /* OnboardingViewModel.swift */,
			);
			path = ViewModel;
			sourceTree = "<group>";
		};
		028097C428C2114800C2ECD9 /* ViewModel */ = {
			isa = PBXGroup;
			children = (
				028097C528C211DD00C2ECD9 /* HomeViewModel.swift */,
			);
			path = ViewModel;
			sourceTree = "<group>";
		};
		0286245B28BCBE00006C12C5 = {
			isa = PBXGroup;
			children = (
				0286246628BCBE00006C12C5 /* Houstay */,
				0286246528BCBE00006C12C5 /* Products */,
				C567DABDDD6C068BF36BF263 /* Pods */,
				BD080C594E4B7850478A460A /* Frameworks */,
			);
			sourceTree = "<group>";
		};
		0286246528BCBE00006C12C5 /* Products */ = {
			isa = PBXGroup;
			children = (
				0286246428BCBE00006C12C5 /* Houstay.app */,
			);
			name = Products;
			sourceTree = "<group>";
		};
		0286246628BCBE00006C12C5 /* Houstay */ = {
			isa = PBXGroup;
			children = (
				0286247B28BCC7CE006C12C5 /* Application */,
				02952B2E28BE2A2E00B2F43F /* SplashScreen */,
				F4480AC928BE6FD4001AA98B /* CustomView */,
				0286247E28BCC870006C12C5 /* Onboarding */,
				02952B2528BE225900B2F43F /* Login */,
				F4480AD528BE9E46001AA98B /* Registration */,
				F4480ACE28BE951A001AA98B /* ForgetPassword */,
				02C4FEFF28BF6232005869F1 /* ChekPassword */,
				02C4FF0628BF7EDD005869F1 /* CreateNewPassword */,
				F42C174928BFC8640056CF59 /* Home */,
			);
			path = Houstay;
			sourceTree = "<group>";
		};
		0286247B28BCC7CE006C12C5 /* Application */ = {
			isa = PBXGroup;
			children = (
				02C4FEFC28BF3902005869F1 /* Extensions */,
				02952B3128BE2B7000B2F43F /* Appflow */,
				0286247D28BCC831006C12C5 /* Resources */,
				0286246728BCBE00006C12C5 /* AppDelegate.swift */,
			);
			path = Application;
			sourceTree = "<group>";
		};
		0286247D28BCC831006C12C5 /* Resources */ = {
			isa = PBXGroup;
			children = (
				023EEAC728BCCFF300446893 /* Fonts */,
				023EEAC628BCCFE800446893 /* Localization */,
				0286247028BCBE04006C12C5 /* Assets.xcassets */,
				023EEAC828BCD0CE00446893 /* R.generated.swift */,
				0286247228BCBE04006C12C5 /* LaunchScreen.storyboard */,
				0286247528BCBE04006C12C5 /* Info.plist */,
				F4329DED28BFBE3900D38EAE /* GoogleService-Info.plist */,
			);
			path = Resources;
			sourceTree = "<group>";
		};
		0286247E28BCC870006C12C5 /* Onboarding */ = {
			isa = PBXGroup;
			children = (
				0286247F28BCC897006C12C5 /* Screens */,
				023EEAD328BCF9B200446893 /* ViewModel */,
				02952B1F28BDDE4000B2F43F /* Model */,
			);
			path = Onboarding;
			sourceTree = "<group>";
		};
		0286247F28BCC897006C12C5 /* Screens */ = {
			isa = PBXGroup;
			children = (
				0286248028BCC8A8006C12C5 /* Views */,
				0286246B28BCBE00006C12C5 /* OnboardingViewController.swift */,
			);
			path = Screens;
			sourceTree = "<group>";
		};
		0286248028BCC8A8006C12C5 /* Views */ = {
			isa = PBXGroup;
			children = (
				023EEACE28BCE71400446893 /* CollectionView */,
				02952B2328BDE6D800B2F43F /* OnboardingView.swift */,
			);
			path = Views;
			sourceTree = "<group>";
		};
		02952B1F28BDDE4000B2F43F /* Model */ = {
			isa = PBXGroup;
			children = (
				02952B2128BDDE7D00B2F43F /* OnboardingModel.swift */,
			);
			path = Model;
			sourceTree = "<group>";
		};
		02952B2528BE225900B2F43F /* Login */ = {
			isa = PBXGroup;
			children = (
				02952B2628BE22A100B2F43F /* Screens */,
				02952B2828BE22B000B2F43F /* ViewModel */,
				02952B2728BE22A800B2F43F /* Model */,
			);
			path = Login;
			sourceTree = "<group>";
		};
		02952B2628BE22A100B2F43F /* Screens */ = {
			isa = PBXGroup;
			children = (
				02952B2928BE22BE00B2F43F /* Views */,
				02952B2A28BE22DA00B2F43F /* LoginViewController.swift */,
			);
			path = Screens;
			sourceTree = "<group>";
		};
		02952B2728BE22A800B2F43F /* Model */ = {
			isa = PBXGroup;
			children = (
			);
			path = Model;
			sourceTree = "<group>";
		};
		02952B2828BE22B000B2F43F /* ViewModel */ = {
			isa = PBXGroup;
			children = (
			);
			path = ViewModel;
			sourceTree = "<group>";
		};
		02952B2928BE22BE00B2F43F /* Views */ = {
			isa = PBXGroup;
			children = (
				02952B2C28BE22F000B2F43F /* LoginView.swift */,
			);
			path = Views;
			sourceTree = "<group>";
		};
		02952B2E28BE2A2E00B2F43F /* SplashScreen */ = {
			isa = PBXGroup;
			children = (
				02952B2F28BE2A8C00B2F43F /* SplashScreenViewController.swift */,
			);
			path = SplashScreen;
			sourceTree = "<group>";
		};
		02952B3128BE2B7000B2F43F /* Appflow */ = {
			isa = PBXGroup;
			children = (
				02952B3228BE2BA800B2F43F /* AppFlowNavigationController.swift */,
			);
			path = Appflow;
			sourceTree = "<group>";
		};
		02C4FEFC28BF3902005869F1 /* Extensions */ = {
			isa = PBXGroup;
			children = (
				02C4FEFD28BF3946005869F1 /* UIViewController+Extensions.swift */,
			);
			path = Extensions;
			sourceTree = "<group>";
		};
		02C4FEFF28BF6232005869F1 /* ChekPassword */ = {
			isa = PBXGroup;
			children = (
				02C4FF0028BF6246005869F1 /* Screens */,
			);
			path = ChekPassword;
			sourceTree = "<group>";
		};
		02C4FF0028BF6246005869F1 /* Screens */ = {
			isa = PBXGroup;
			children = (
				02C4FF0128BF6267005869F1 /* Views */,
				02C4FF0228BF6281005869F1 /* ChekPasswordViewController.swift */,
			);
			path = Screens;
			sourceTree = "<group>";
		};
		02C4FF0128BF6267005869F1 /* Views */ = {
			isa = PBXGroup;
			children = (
				02C4FF0428BF629C005869F1 /* ChekPasswordView.swift */,
			);
			path = Views;
			sourceTree = "<group>";
		};
		02C4FF0628BF7EDD005869F1 /* CreateNewPassword */ = {
			isa = PBXGroup;
			children = (
				02C4FF0728BF7F0D005869F1 /* Screens */,
			);
			path = CreateNewPassword;
			sourceTree = "<group>";
		};
		02C4FF0728BF7F0D005869F1 /* Screens */ = {
			isa = PBXGroup;
			children = (
				02C4FF0828BF7F18005869F1 /* Views */,
				02C4FF0928BF7F3C005869F1 /* CreateNewPasswordViewController.swift */,
			);
			path = Screens;
			sourceTree = "<group>";
		};
		02C4FF0828BF7F18005869F1 /* Views */ = {
			isa = PBXGroup;
			children = (
				02C4FF0B28BF7F54005869F1 /* CreateNewPasswordView.swift */,
			);
			path = Views;
			sourceTree = "<group>";
		};
		BD080C594E4B7850478A460A /* Frameworks */ = {
			isa = PBXGroup;
			children = (
				FB75DE0874EAEC3C2A7D2F45 /* Pods_Houstay.framework */,
			);
			name = Frameworks;
			sourceTree = "<group>";
		};
		C567DABDDD6C068BF36BF263 /* Pods */ = {
			isa = PBXGroup;
			children = (
				80C35C1268B3C39A509A9F6B /* Pods-Houstay.debug.xcconfig */,
				B865715D735DC631BA84A24E /* Pods-Houstay.release.xcconfig */,
			);
			path = Pods;
			sourceTree = "<group>";
		};
		F42C174928BFC8640056CF59 /* Home */ = {
			isa = PBXGroup;
			children = (
				F42C174A28BFC87B0056CF59 /* Screens */,
				028097C428C2114800C2ECD9 /* ViewModel */,
			);
			path = Home;
			sourceTree = "<group>";
		};
		F42C174A28BFC87B0056CF59 /* Screens */ = {
			isa = PBXGroup;
			children = (
				F42C174B28BFC8850056CF59 /* Views */,
				F42C174C28BFC8A70056CF59 /* HomeViewController.swift */,
			);
			path = Screens;
			sourceTree = "<group>";
		};
		F42C174B28BFC8850056CF59 /* Views */ = {
			isa = PBXGroup;
			children = (
				F42C174E28BFC8BA0056CF59 /* HomeView.swift */,
			);
			path = Views;
			sourceTree = "<group>";
		};
		F4480AC928BE6FD4001AA98B /* CustomView */ = {
			isa = PBXGroup;
			children = (
				F4480ACA28BE7011001AA98B /* CustomTextField.swift */,
				F4480ACC28BE8E99001AA98B /* BasicView.swift */,
				028097BD28C0ED5900C2ECD9 /* HeaderView.swift */,
				028097C228C2021C00C2ECD9 /* SearcheTextFieldBase.swift */,
			);
			path = CustomView;
			sourceTree = "<group>";
		};
		F4480ACE28BE951A001AA98B /* ForgetPassword */ = {
			isa = PBXGroup;
			children = (
				F4480ACF28BE9538001AA98B /* Screens */,
				F4480AD128BE95A1001AA98B /* ForgetPasswordViewController.swift */,
			);
			path = ForgetPassword;
			sourceTree = "<group>";
		};
		F4480ACF28BE9538001AA98B /* Screens */ = {
			isa = PBXGroup;
			children = (
				F4480AD028BE955B001AA98B /* Views */,
			);
			path = Screens;
			sourceTree = "<group>";
		};
		F4480AD028BE955B001AA98B /* Views */ = {
			isa = PBXGroup;
			children = (
				F4480AD328BE95C6001AA98B /* ForgetPasswordView.swift */,
			);
			path = Views;
			sourceTree = "<group>";
		};
		F4480AD528BE9E46001AA98B /* Registration */ = {
			isa = PBXGroup;
			children = (
				F4480AD628BE9EA6001AA98B /* Screens */,
			);
			path = Registration;
			sourceTree = "<group>";
		};
		F4480AD628BE9EA6001AA98B /* Screens */ = {
			isa = PBXGroup;
			children = (
				F4480AD728BE9EB1001AA98B /* Views */,
				F4480AD928BE9ED6001AA98B /* RegistrationViewController.swift */,
			);
			path = Screens;
			sourceTree = "<group>";
		};
		F4480AD728BE9EB1001AA98B /* Views */ = {
			isa = PBXGroup;
			children = (
				F4480ADB28BE9EEC001AA98B /* RegistrationView.swift */,
			);
			path = Views;
			sourceTree = "<group>";
		};
/* End PBXGroup section */

/* Begin PBXNativeTarget section */
		0286246328BCBE00006C12C5 /* Houstay */ = {
			isa = PBXNativeTarget;
			buildConfigurationList = 0286247828BCBE04006C12C5 /* Build configuration list for PBXNativeTarget "Houstay" */;
			buildPhases = (
				B42C519DF96F679186025D0F /* [CP] Check Pods Manifest.lock */,
				023EEAC328BCCC6100446893 /* ShellScript */,
				0286246028BCBE00006C12C5 /* Sources */,
				0286246128BCBE00006C12C5 /* Frameworks */,
				0286246228BCBE00006C12C5 /* Resources */,
				7ED611205E22E63B129C2D52 /* [CP] Embed Pods Frameworks */,
			);
			buildRules = (
			);
			dependencies = (
			);
			name = Houstay;
			packageProductDependencies = (
				F42C173628BFC27B0056CF59 /* FirebaseAnalytics */,
				F42C173828BFC27B0056CF59 /* FirebaseAnalyticsSwift */,
				F42C173A28BFC27B0056CF59 /* FirebaseAuth */,
				F42C173C28BFC27B0056CF59 /* FirebaseDatabase */,
				F42C173E28BFC27B0056CF59 /* FirebaseDatabaseSwift */,
				F42C174028BFC27B0056CF59 /* FirebaseInAppMessagingSwift-Beta */,
				F42C174228BFC27B0056CF59 /* FirebaseInstallations */,
				F42C174528BFC3F40056CF59 /* FirebaseFirestore */,
				F42C174728BFC3F40056CF59 /* FirebaseFirestoreSwift */,
				028097C028C1DE1A00C2ECD9 /* GoogleSignInSwift */,
			);
			productName = Houstay;
			productReference = 0286246428BCBE00006C12C5 /* Houstay.app */;
			productType = "com.apple.product-type.application";
		};
/* End PBXNativeTarget section */

/* Begin PBXProject section */
		0286245C28BCBE00006C12C5 /* Project object */ = {
			isa = PBXProject;
			attributes = {
				BuildIndependentTargetsInParallel = 1;
				LastSwiftUpdateCheck = 1340;
				LastUpgradeCheck = 1340;
				TargetAttributes = {
					0286246328BCBE00006C12C5 = {
						CreatedOnToolsVersion = 13.4.1;
					};
				};
			};
			buildConfigurationList = 0286245F28BCBE00006C12C5 /* Build configuration list for PBXProject "Houstay" */;
			compatibilityVersion = "Xcode 13.0";
			developmentRegion = en;
			hasScannedForEncodings = 0;
			knownRegions = (
				en,
				Base,
			);
			mainGroup = 0286245B28BCBE00006C12C5;
			packageReferences = (
				F42C173528BFC27B0056CF59 /* XCRemoteSwiftPackageReference "firebase-ios-sdk" */,
				F42C174428BFC3F40056CF59 /* XCRemoteSwiftPackageReference "firebase-ios-sdk" */,
				028097BF28C1DE1A00C2ECD9 /* XCRemoteSwiftPackageReference "GoogleSignIn-iOS" */,
			);
			productRefGroup = 0286246528BCBE00006C12C5 /* Products */;
			projectDirPath = "";
			projectRoot = "";
			targets = (
				0286246328BCBE00006C12C5 /* Houstay */,
			);
		};
/* End PBXProject section */

/* Begin PBXResourcesBuildPhase section */
		0286246228BCBE00006C12C5 /* Resources */ = {
			isa = PBXResourcesBuildPhase;
			buildActionMask = 2147483647;
			files = (
				023EEACB28BCD24400446893 /* roboto-medium.ttf in Resources */,
				0286247428BCBE04006C12C5 /* LaunchScreen.storyboard in Resources */,
				023EEACD28BCD25E00446893 /* roboto-regular.ttf in Resources */,
				023EEAC528BCCF4F00446893 /* Localizable.strings in Resources */,
				0286247128BCBE04006C12C5 /* Assets.xcassets in Resources */,
				F4329DEE28BFBE3900D38EAE /* GoogleService-Info.plist in Resources */,
			);
			runOnlyForDeploymentPostprocessing = 0;
		};
/* End PBXResourcesBuildPhase section */

/* Begin PBXShellScriptBuildPhase section */
		023EEAC328BCCC6100446893 /* ShellScript */ = {
			isa = PBXShellScriptBuildPhase;
			alwaysOutOfDate = 1;
			buildActionMask = 2147483647;
			files = (
			);
			inputFileListPaths = (
			);
			inputPaths = (
			);
			outputFileListPaths = (
			);
			outputPaths = (
				$SRCROOT/Houstay/Application/Resources/R.generated.swift,
			);
			runOnlyForDeploymentPostprocessing = 0;
			shellPath = /bin/sh;
			shellScript = "\"$PODS_ROOT/R.swift/rswift\" generate \"$SRCROOT/Houstay/Application/Resources/R.generated.swift\"\n";
		};
		7ED611205E22E63B129C2D52 /* [CP] Embed Pods Frameworks */ = {
			isa = PBXShellScriptBuildPhase;
			buildActionMask = 2147483647;
			files = (
			);
			inputFileListPaths = (
				"${PODS_ROOT}/Target Support Files/Pods-Houstay/Pods-Houstay-frameworks-${CONFIGURATION}-input-files.xcfilelist",
			);
			name = "[CP] Embed Pods Frameworks";
			outputFileListPaths = (
				"${PODS_ROOT}/Target Support Files/Pods-Houstay/Pods-Houstay-frameworks-${CONFIGURATION}-output-files.xcfilelist",
			);
			runOnlyForDeploymentPostprocessing = 0;
			shellPath = /bin/sh;
			shellScript = "\"${PODS_ROOT}/Target Support Files/Pods-Houstay/Pods-Houstay-frameworks.sh\"\n";
			showEnvVarsInLog = 0;
		};
		B42C519DF96F679186025D0F /* [CP] Check Pods Manifest.lock */ = {
			isa = PBXShellScriptBuildPhase;
			buildActionMask = 2147483647;
			files = (
			);
			inputFileListPaths = (
			);
			inputPaths = (
				"${PODS_PODFILE_DIR_PATH}/Podfile.lock",
				"${PODS_ROOT}/Manifest.lock",
			);
			name = "[CP] Check Pods Manifest.lock";
			outputFileListPaths = (
			);
			outputPaths = (
				"$(DERIVED_FILE_DIR)/Pods-Houstay-checkManifestLockResult.txt",
			);
			runOnlyForDeploymentPostprocessing = 0;
			shellPath = /bin/sh;
			shellScript = "diff \"${PODS_PODFILE_DIR_PATH}/Podfile.lock\" \"${PODS_ROOT}/Manifest.lock\" > /dev/null\nif [ $? != 0 ] ; then\n    # print error to STDERR\n    echo \"error: The sandbox is not in sync with the Podfile.lock. Run 'pod install' or update your CocoaPods installation.\" >&2\n    exit 1\nfi\n# This output is used by Xcode 'outputs' to avoid re-running this script phase.\necho \"SUCCESS\" > \"${SCRIPT_OUTPUT_FILE_0}\"\n";
			showEnvVarsInLog = 0;
		};
/* End PBXShellScriptBuildPhase section */

/* Begin PBXSourcesBuildPhase section */
		0286246028BCBE00006C12C5 /* Sources */ = {
			isa = PBXSourcesBuildPhase;
			buildActionMask = 2147483647;
			files = (
				F4480ACB28BE7011001AA98B /* CustomTextField.swift in Sources */,
				02952B2B28BE22DA00B2F43F /* LoginViewController.swift in Sources */,
				0286246C28BCBE00006C12C5 /* OnboardingViewController.swift in Sources */,
				F42C174F28BFC8BB0056CF59 /* HomeView.swift in Sources */,
				F4480ADC28BE9EEC001AA98B /* RegistrationView.swift in Sources */,
				023EEAD528BCF9D700446893 /* OnboardingViewModel.swift in Sources */,
				0286246828BCBE00006C12C5 /* AppDelegate.swift in Sources */,
				02C4FEFE28BF3946005869F1 /* UIViewController+Extensions.swift in Sources */,
				023EEAC928BCD0CE00446893 /* R.generated.swift in Sources */,
				02952B3028BE2A8C00B2F43F /* SplashScreenViewController.swift in Sources */,
				F4480AD228BE95A1001AA98B /* ForgetPasswordViewController.swift in Sources */,
				028097C328C2021C00C2ECD9 /* SearcheTextFieldBase.swift in Sources */,
				02C4FF0A28BF7F3C005869F1 /* CreateNewPasswordViewController.swift in Sources */,
				F42C174D28BFC8A70056CF59 /* HomeViewController.swift in Sources */,
				F4480ADA28BE9ED6001AA98B /* RegistrationViewController.swift in Sources */,
				F4480AD428BE95C6001AA98B /* ForgetPasswordView.swift in Sources */,
				F4480ACD28BE8E99001AA98B /* BasicView.swift in Sources */,
				02952B3328BE2BA800B2F43F /* AppFlowNavigationController.swift in Sources */,
				02952B2228BDDE7D00B2F43F /* OnboardingModel.swift in Sources */,
				02952B2428BDE6D800B2F43F /* OnboardingView.swift in Sources */,
				02C4FF0328BF6281005869F1 /* ChekPasswordViewController.swift in Sources */,
				023EEAD028BCE86700446893 /* OnboardingCollectionView.swift in Sources */,
				02952B2D28BE22F000B2F43F /* LoginView.swift in Sources */,
				028097C628C211DD00C2ECD9 /* HomeViewModel.swift in Sources */,
				02C4FF0528BF629C005869F1 /* ChekPasswordView.swift in Sources */,
				023EEAD228BCE89900446893 /* OnboardingCollectionViewCell.swift in Sources */,
				02C4FF0C28BF7F54005869F1 /* CreateNewPasswordView.swift in Sources */,
				028097BE28C0ED5900C2ECD9 /* HeaderView.swift in Sources */,
			);
			runOnlyForDeploymentPostprocessing = 0;
		};
/* End PBXSourcesBuildPhase section */

/* Begin PBXVariantGroup section */
		0286247228BCBE04006C12C5 /* LaunchScreen.storyboard */ = {
			isa = PBXVariantGroup;
			children = (
				0286247328BCBE04006C12C5 /* Base */,
			);
			name = LaunchScreen.storyboard;
			sourceTree = "<group>";
		};
/* End PBXVariantGroup section */

/* Begin XCBuildConfiguration section */
		0286247628BCBE04006C12C5 /* Debug */ = {
			isa = XCBuildConfiguration;
			buildSettings = {
				ALWAYS_SEARCH_USER_PATHS = NO;
				CLANG_ANALYZER_NONNULL = YES;
				CLANG_ANALYZER_NUMBER_OBJECT_CONVERSION = YES_AGGRESSIVE;
				CLANG_CXX_LANGUAGE_STANDARD = "gnu++17";
				CLANG_ENABLE_MODULES = YES;
				CLANG_ENABLE_OBJC_ARC = YES;
				CLANG_ENABLE_OBJC_WEAK = YES;
				CLANG_WARN_BLOCK_CAPTURE_AUTORELEASING = YES;
				CLANG_WARN_BOOL_CONVERSION = YES;
				CLANG_WARN_COMMA = YES;
				CLANG_WARN_CONSTANT_CONVERSION = YES;
				CLANG_WARN_DEPRECATED_OBJC_IMPLEMENTATIONS = YES;
				CLANG_WARN_DIRECT_OBJC_ISA_USAGE = YES_ERROR;
				CLANG_WARN_DOCUMENTATION_COMMENTS = YES;
				CLANG_WARN_EMPTY_BODY = YES;
				CLANG_WARN_ENUM_CONVERSION = YES;
				CLANG_WARN_INFINITE_RECURSION = YES;
				CLANG_WARN_INT_CONVERSION = YES;
				CLANG_WARN_NON_LITERAL_NULL_CONVERSION = YES;
				CLANG_WARN_OBJC_IMPLICIT_RETAIN_SELF = YES;
				CLANG_WARN_OBJC_LITERAL_CONVERSION = YES;
				CLANG_WARN_OBJC_ROOT_CLASS = YES_ERROR;
				CLANG_WARN_QUOTED_INCLUDE_IN_FRAMEWORK_HEADER = YES;
				CLANG_WARN_RANGE_LOOP_ANALYSIS = YES;
				CLANG_WARN_STRICT_PROTOTYPES = YES;
				CLANG_WARN_SUSPICIOUS_MOVE = YES;
				CLANG_WARN_UNGUARDED_AVAILABILITY = YES_AGGRESSIVE;
				CLANG_WARN_UNREACHABLE_CODE = YES;
				CLANG_WARN__DUPLICATE_METHOD_MATCH = YES;
				COPY_PHASE_STRIP = NO;
				DEBUG_INFORMATION_FORMAT = dwarf;
				ENABLE_STRICT_OBJC_MSGSEND = YES;
				ENABLE_TESTABILITY = YES;
				GCC_C_LANGUAGE_STANDARD = gnu11;
				GCC_DYNAMIC_NO_PIC = NO;
				GCC_NO_COMMON_BLOCKS = YES;
				GCC_OPTIMIZATION_LEVEL = 0;
				GCC_PREPROCESSOR_DEFINITIONS = (
					"DEBUG=1",
					"$(inherited)",
				);
				GCC_WARN_64_TO_32_BIT_CONVERSION = YES;
				GCC_WARN_ABOUT_RETURN_TYPE = YES_ERROR;
				GCC_WARN_UNDECLARED_SELECTOR = YES;
				GCC_WARN_UNINITIALIZED_AUTOS = YES_AGGRESSIVE;
				GCC_WARN_UNUSED_FUNCTION = YES;
				GCC_WARN_UNUSED_VARIABLE = YES;
				IPHONEOS_DEPLOYMENT_TARGET = 15.5;
				MTL_ENABLE_DEBUG_INFO = INCLUDE_SOURCE;
				MTL_FAST_MATH = YES;
				ONLY_ACTIVE_ARCH = YES;
				SDKROOT = iphoneos;
				SWIFT_ACTIVE_COMPILATION_CONDITIONS = DEBUG;
				SWIFT_OPTIMIZATION_LEVEL = "-Onone";
			};
			name = Debug;
		};
		0286247728BCBE04006C12C5 /* Release */ = {
			isa = XCBuildConfiguration;
			buildSettings = {
				ALWAYS_SEARCH_USER_PATHS = NO;
				CLANG_ANALYZER_NONNULL = YES;
				CLANG_ANALYZER_NUMBER_OBJECT_CONVERSION = YES_AGGRESSIVE;
				CLANG_CXX_LANGUAGE_STANDARD = "gnu++17";
				CLANG_ENABLE_MODULES = YES;
				CLANG_ENABLE_OBJC_ARC = YES;
				CLANG_ENABLE_OBJC_WEAK = YES;
				CLANG_WARN_BLOCK_CAPTURE_AUTORELEASING = YES;
				CLANG_WARN_BOOL_CONVERSION = YES;
				CLANG_WARN_COMMA = YES;
				CLANG_WARN_CONSTANT_CONVERSION = YES;
				CLANG_WARN_DEPRECATED_OBJC_IMPLEMENTATIONS = YES;
				CLANG_WARN_DIRECT_OBJC_ISA_USAGE = YES_ERROR;
				CLANG_WARN_DOCUMENTATION_COMMENTS = YES;
				CLANG_WARN_EMPTY_BODY = YES;
				CLANG_WARN_ENUM_CONVERSION = YES;
				CLANG_WARN_INFINITE_RECURSION = YES;
				CLANG_WARN_INT_CONVERSION = YES;
				CLANG_WARN_NON_LITERAL_NULL_CONVERSION = YES;
				CLANG_WARN_OBJC_IMPLICIT_RETAIN_SELF = YES;
				CLANG_WARN_OBJC_LITERAL_CONVERSION = YES;
				CLANG_WARN_OBJC_ROOT_CLASS = YES_ERROR;
				CLANG_WARN_QUOTED_INCLUDE_IN_FRAMEWORK_HEADER = YES;
				CLANG_WARN_RANGE_LOOP_ANALYSIS = YES;
				CLANG_WARN_STRICT_PROTOTYPES = YES;
				CLANG_WARN_SUSPICIOUS_MOVE = YES;
				CLANG_WARN_UNGUARDED_AVAILABILITY = YES_AGGRESSIVE;
				CLANG_WARN_UNREACHABLE_CODE = YES;
				CLANG_WARN__DUPLICATE_METHOD_MATCH = YES;
				COPY_PHASE_STRIP = NO;
				DEBUG_INFORMATION_FORMAT = "dwarf-with-dsym";
				ENABLE_NS_ASSERTIONS = NO;
				ENABLE_STRICT_OBJC_MSGSEND = YES;
				GCC_C_LANGUAGE_STANDARD = gnu11;
				GCC_NO_COMMON_BLOCKS = YES;
				GCC_WARN_64_TO_32_BIT_CONVERSION = YES;
				GCC_WARN_ABOUT_RETURN_TYPE = YES_ERROR;
				GCC_WARN_UNDECLARED_SELECTOR = YES;
				GCC_WARN_UNINITIALIZED_AUTOS = YES_AGGRESSIVE;
				GCC_WARN_UNUSED_FUNCTION = YES;
				GCC_WARN_UNUSED_VARIABLE = YES;
				IPHONEOS_DEPLOYMENT_TARGET = 15.5;
				MTL_ENABLE_DEBUG_INFO = NO;
				MTL_FAST_MATH = YES;
				SDKROOT = iphoneos;
				SWIFT_COMPILATION_MODE = wholemodule;
				SWIFT_OPTIMIZATION_LEVEL = "-O";
				VALIDATE_PRODUCT = YES;
			};
			name = Release;
		};
		0286247928BCBE04006C12C5 /* Debug */ = {
			isa = XCBuildConfiguration;
			baseConfigurationReference = 80C35C1268B3C39A509A9F6B /* Pods-Houstay.debug.xcconfig */;
			buildSettings = {
				ASSETCATALOG_COMPILER_APPICON_NAME = AppIcon;
				ASSETCATALOG_COMPILER_GLOBAL_ACCENT_COLOR_NAME = AccentColor;
				CODE_SIGN_STYLE = Automatic;
				CURRENT_PROJECT_VERSION = 1;
				DEVELOPMENT_TEAM = PJYSX9RNA2;
				GENERATE_INFOPLIST_FILE = YES;
				INFOPLIST_FILE = Houstay/Application/Resources/Info.plist;
				INFOPLIST_KEY_UILaunchStoryboardName = LaunchScreen;
				INFOPLIST_KEY_UISupportedInterfaceOrientations = UIInterfaceOrientationPortrait;
				INFOPLIST_KEY_UISupportedInterfaceOrientations_iPad = "UIInterfaceOrientationPortrait UIInterfaceOrientationPortraitUpsideDown UIInterfaceOrientationLandscapeLeft UIInterfaceOrientationLandscapeRight";
				INFOPLIST_KEY_UISupportedInterfaceOrientations_iPhone = "UIInterfaceOrientationPortrait UIInterfaceOrientationLandscapeLeft UIInterfaceOrientationLandscapeRight";
				IPHONEOS_DEPLOYMENT_TARGET = 15.5;
				LD_RUNPATH_SEARCH_PATHS = (
					"$(inherited)",
					"@executable_path/Frameworks",
				);
				MARKETING_VERSION = 0.0.1;
				PRODUCT_BUNDLE_IDENTIFIER = com.olegkalistratov.Houstay;
				PRODUCT_NAME = "$(TARGET_NAME)";
				SWIFT_EMIT_LOC_STRINGS = YES;
				SWIFT_VERSION = 5.0;
				TARGETED_DEVICE_FAMILY = 1;
			};
			name = Debug;
		};
		0286247A28BCBE04006C12C5 /* Release */ = {
			isa = XCBuildConfiguration;
			baseConfigurationReference = B865715D735DC631BA84A24E /* Pods-Houstay.release.xcconfig */;
			buildSettings = {
				ASSETCATALOG_COMPILER_APPICON_NAME = AppIcon;
				ASSETCATALOG_COMPILER_GLOBAL_ACCENT_COLOR_NAME = AccentColor;
				CODE_SIGN_STYLE = Automatic;
				CURRENT_PROJECT_VERSION = 1;
				DEVELOPMENT_TEAM = PJYSX9RNA2;
				GENERATE_INFOPLIST_FILE = YES;
				INFOPLIST_FILE = Houstay/Application/Resources/Info.plist;
				INFOPLIST_KEY_UILaunchStoryboardName = LaunchScreen;
				INFOPLIST_KEY_UISupportedInterfaceOrientations = UIInterfaceOrientationPortrait;
				INFOPLIST_KEY_UISupportedInterfaceOrientations_iPad = "UIInterfaceOrientationPortrait UIInterfaceOrientationPortraitUpsideDown UIInterfaceOrientationLandscapeLeft UIInterfaceOrientationLandscapeRight";
				INFOPLIST_KEY_UISupportedInterfaceOrientations_iPhone = "UIInterfaceOrientationPortrait UIInterfaceOrientationLandscapeLeft UIInterfaceOrientationLandscapeRight";
				IPHONEOS_DEPLOYMENT_TARGET = 15.5;
				LD_RUNPATH_SEARCH_PATHS = (
					"$(inherited)",
					"@executable_path/Frameworks",
				);
				MARKETING_VERSION = 0.0.1;
				PRODUCT_BUNDLE_IDENTIFIER = com.olegkalistratov.Houstay;
				PRODUCT_NAME = "$(TARGET_NAME)";
				SWIFT_EMIT_LOC_STRINGS = YES;
				SWIFT_VERSION = 5.0;
				TARGETED_DEVICE_FAMILY = 1;
			};
			name = Release;
		};
/* End XCBuildConfiguration section */

/* Begin XCConfigurationList section */
		0286245F28BCBE00006C12C5 /* Build configuration list for PBXProject "Houstay" */ = {
			isa = XCConfigurationList;
			buildConfigurations = (
				0286247628BCBE04006C12C5 /* Debug */,
				0286247728BCBE04006C12C5 /* Release */,
			);
			defaultConfigurationIsVisible = 0;
			defaultConfigurationName = Release;
		};
		0286247828BCBE04006C12C5 /* Build configuration list for PBXNativeTarget "Houstay" */ = {
			isa = XCConfigurationList;
			buildConfigurations = (
				0286247928BCBE04006C12C5 /* Debug */,
				0286247A28BCBE04006C12C5 /* Release */,
			);
			defaultConfigurationIsVisible = 0;
			defaultConfigurationName = Release;
		};
/* End XCConfigurationList section */

/* Begin XCRemoteSwiftPackageReference section */
		028097BF28C1DE1A00C2ECD9 /* XCRemoteSwiftPackageReference "GoogleSignIn-iOS" */ = {
			isa = XCRemoteSwiftPackageReference;
			repositoryURL = "https://github.com/google/GoogleSignIn-iOS";
			requirement = {
				kind = upToNextMajorVersion;
				minimumVersion = 6.0.0;
			};
		};
		F42C173528BFC27B0056CF59 /* XCRemoteSwiftPackageReference "firebase-ios-sdk" */ = {
			isa = XCRemoteSwiftPackageReference;
			repositoryURL = "https://github.com/firebase/firebase-ios-sdk";
			requirement = {
				kind = upToNextMajorVersion;
				minimumVersion = 9.0.0;
			};
		};
		F42C174428BFC3F40056CF59 /* XCRemoteSwiftPackageReference "firebase-ios-sdk" */ = {
			isa = XCRemoteSwiftPackageReference;
			repositoryURL = "https://github.com/firebase/firebase-ios-sdk";
			requirement = {
				branch = master;
				kind = branch;
			};
		};
/* End XCRemoteSwiftPackageReference section */

/* Begin XCSwiftPackageProductDependency section */
		028097C028C1DE1A00C2ECD9 /* GoogleSignInSwift */ = {
			isa = XCSwiftPackageProductDependency;
			package = 028097BF28C1DE1A00C2ECD9 /* XCRemoteSwiftPackageReference "GoogleSignIn-iOS" */;
			productName = GoogleSignInSwift;
		};
		F42C173628BFC27B0056CF59 /* FirebaseAnalytics */ = {
			isa = XCSwiftPackageProductDependency;
			package = F42C173528BFC27B0056CF59 /* XCRemoteSwiftPackageReference "firebase-ios-sdk" */;
			productName = FirebaseAnalytics;
		};
		F42C173828BFC27B0056CF59 /* FirebaseAnalyticsSwift */ = {
			isa = XCSwiftPackageProductDependency;
			package = F42C173528BFC27B0056CF59 /* XCRemoteSwiftPackageReference "firebase-ios-sdk" */;
			productName = FirebaseAnalyticsSwift;
		};
		F42C173A28BFC27B0056CF59 /* FirebaseAuth */ = {
			isa = XCSwiftPackageProductDependency;
			package = F42C173528BFC27B0056CF59 /* XCRemoteSwiftPackageReference "firebase-ios-sdk" */;
			productName = FirebaseAuth;
		};
		F42C173C28BFC27B0056CF59 /* FirebaseDatabase */ = {
			isa = XCSwiftPackageProductDependency;
			package = F42C173528BFC27B0056CF59 /* XCRemoteSwiftPackageReference "firebase-ios-sdk" */;
			productName = FirebaseDatabase;
		};
		F42C173E28BFC27B0056CF59 /* FirebaseDatabaseSwift */ = {
			isa = XCSwiftPackageProductDependency;
			package = F42C173528BFC27B0056CF59 /* XCRemoteSwiftPackageReference "firebase-ios-sdk" */;
			productName = FirebaseDatabaseSwift;
		};
		F42C174028BFC27B0056CF59 /* FirebaseInAppMessagingSwift-Beta */ = {
			isa = XCSwiftPackageProductDependency;
			package = F42C173528BFC27B0056CF59 /* XCRemoteSwiftPackageReference "firebase-ios-sdk" */;
			productName = "FirebaseInAppMessagingSwift-Beta";
		};
		F42C174228BFC27B0056CF59 /* FirebaseInstallations */ = {
			isa = XCSwiftPackageProductDependency;
			package = F42C173528BFC27B0056CF59 /* XCRemoteSwiftPackageReference "firebase-ios-sdk" */;
			productName = FirebaseInstallations;
		};
		F42C174528BFC3F40056CF59 /* FirebaseFirestore */ = {
			isa = XCSwiftPackageProductDependency;
			package = F42C174428BFC3F40056CF59 /* XCRemoteSwiftPackageReference "firebase-ios-sdk" */;
			productName = FirebaseFirestore;
		};
		F42C174728BFC3F40056CF59 /* FirebaseFirestoreSwift */ = {
			isa = XCSwiftPackageProductDependency;
			package = F42C174428BFC3F40056CF59 /* XCRemoteSwiftPackageReference "firebase-ios-sdk" */;
			productName = FirebaseFirestoreSwift;
		};
/* End XCSwiftPackageProductDependency section */
	};
	rootObject = 0286245C28BCBE00006C12C5 /* Project object */;
}
